
Microsoft Visual Studio Solution File, Format Version 12.00
# Visual Studio Version 17
VisualStudioVersion = 17.8.34322.80
MinimumVisualStudioVersion = 10.0.40219.1
Project("{FAE04EC0-301F-11D3-BF4B-00C04F79EFBC}") = "OcrMyImage", "OcrMyImage.csproj", "{9B3F3DE7-8D95-412C-8E9E-86A2F04B2D36}"
EndProject
Global
	GlobalSection(SolutionConfigurationPlatforms) = preSolution
		Debug|Any CPU = Debug|Any CPU
		Release|Any CPU = Release|Any CPU
	EndGlobalSection
	GlobalSection(ProjectConfigurationPlatforms) = postSolution
		{9B3F3DE7-8D95-412C-8E9E-86A2F04B2D36}.Debug|Any CPU.ActiveCfg = Debug|Any CPU
		{9B3F3DE7-8D95-412C-8E9E-86A2F04B2D36}.Debug|Any CPU.Build.0 = Debug|Any CPU
		{9B3F3DE7-8D95-412C-8E9E-86A2F04B2D36}.Release|Any CPU.ActiveCfg = Release|Any CPU
		{9B3F3DE7-8D95-412C-8E9E-86A2F04B2D36}.Release|Any CPU.Build.0 = Release|Any CPU
	EndGlobalSection
	GlobalSection(SolutionProperties) = preSolution
		HideSolutionNode = FALSE
	EndGlobalSection
	GlobalSection(ExtensibilityGlobals) = postSolution
		SolutionGuid = {32E2B033-E5D3-4F47-A22F-5961D8CC8508}
	EndGlobalSection
EndGlobal
